// !$*UTF8*$!
{
	archiveVersion = 1;
	classes = {
	};
	objectVersion = 46;
	objects = {

/* Begin PBXBuildFile section */
		C901297D1C399D9700EDD99B /* AppDelegate.swift in Sources */ = {isa = PBXBuildFile; fileRef = C901297C1C399D9700EDD99B /* AppDelegate.swift */; };
		C901297F1C399D9700EDD99B /* ViewController.swift in Sources */ = {isa = PBXBuildFile; fileRef = C901297E1C399D9700EDD99B /* ViewController.swift */; };
		C90129821C399D9700EDD99B /* Main.storyboard in Resources */ = {isa = PBXBuildFile; fileRef = C90129801C399D9700EDD99B /* Main.storyboard */; };
		C90129841C399D9700EDD99B /* Assets.xcassets in Resources */ = {isa = PBXBuildFile; fileRef = C90129831C399D9700EDD99B /* Assets.xcassets */; };
		C90129871C399D9700EDD99B /* LaunchScreen.storyboard in Resources */ = {isa = PBXBuildFile; fileRef = C90129851C399D9700EDD99B /* LaunchScreen.storyboard */; };
/* End PBXBuildFile section */

/* Begin PBXContainerItemProxy section */
		C901298E1C399D9700EDD99B /* PBXContainerItemProxy */ = {
			isa = PBXContainerItemProxy;
			containerPortal = C90129711C399D9700EDD99B /* Project object */;
			proxyType = 1;
			remoteGlobalIDString = C90129781C399D9700EDD99B;
			remoteInfo = ibeaconfinder;
		};
		C90129991C399D9700EDD99B /* PBXContainerItemProxy */ = {
			isa = PBXContainerItemProxy;
			containerPortal = C90129711C399D9700EDD99B /* Project object */;
			proxyType = 1;
			remoteGlobalIDString = C90129781C399D9700EDD99B;
			remoteInfo = ibeaconfinder;
		};
/* End PBXContainerItemProxy section */

/* Begin PBXFileReference section */
		C90129791C399D9700EDD99B /* ibeaconfinder.app */ = {isa = PBXFileReference; explicitFileType = wrapper.application; includeInIndex = 0; path = ibeaconfinder.app; sourceTree = BUILT_PRODUCTS_DIR; };
		C901297C1C399D9700EDD99B /* AppDelegate.swift */ = {isa = PBXFileReference; lastKnownFileType = sourcecode.swift; path = AppDelegate.swift; sourceTree = "<group>"; };
		C901297E1C399D9700EDD99B /* ViewController.swift */ = {isa = PBXFileReference; lastKnownFileType = sourcecode.swift; path = ViewController.swift; sourceTree = "<group>"; };
		C90129811C399D9700EDD99B /* Base */ = {isa = PBXFileReference; lastKnownFileType = file.storyboard; name = Base; path = Base.lproj/Main.storyboard; sourceTree = "<group>"; };
		C90129831C399D9700EDD99B /* Assets.xcassets */ = {isa = PBXFileReference; lastKnownFileType = folder.assetcatalog; path = Assets.xcassets; sourceTree = "<group>"; };
		C90129861C399D9700EDD99B /* Base */ = {isa = PBXFileReference; lastKnownFileType = file.storyboard; name = Base; path = Base.lproj/LaunchScreen.storyboard; sourceTree = "<group>"; };
		C90129881C399D9700EDD99B /* Info.plist */ = {isa = PBXFileReference; lastKnownFileType = text.plist.xml; path = Info.plist; sourceTree = "<group>"; };
		C901298D1C399D9700EDD99B /* ibeaconfinderTests.xctest */ = {isa = PBXFileReference; explicitFileType = wrapper.cfbundle; includeInIndex = 0; path = ibeaconfinderTests.xctest; sourceTree = BUILT_PRODUCTS_DIR; };
		C90129981C399D9700EDD99B /* ibeaconfinderUITests.xctest */ = {isa = PBXFileReference; explicitFileType = wrapper.cfbundle; includeInIndex = 0; path = ibeaconfinderUITests.xctest; sourceTree = BUILT_PRODUCTS_DIR; };
/* End PBXFileReference section */

/* Begin PBXFrameworksBuildPhase section */
		C90129761C399D9700EDD99B /* Frameworks */ = {
			isa = PBXFrameworksBuildPhase;
			buildActionMask = 2147483647;
			files = (
			);
			runOnlyForDeploymentPostprocessing = 0;
		};
		C901298A1C399D9700EDD99B /* Frameworks */ = {
			isa = PBXFrameworksBuildPhase;
			buildActionMask = 2147483647;
			files = (
			);
			runOnlyForDeploymentPostprocessing = 0;
		};
		C90129951C399D9700EDD99B /* Frameworks */ = {
			isa = PBXFrameworksBuildPhase;
			buildActionMask = 2147483647;
			files = (
			);
			runOnlyForDeploymentPostprocessing = 0;
		};
/* End PBXFrameworksBuildPhase section */

/* Begin PBXGroup section */
		C90129701C399D9700EDD99B = {
			isa = PBXGroup;
			children = (
				C901297B1C399D9700EDD99B /* ibeaconfinder */,
				C901297A1C399D9700EDD99B /* Products */,
			);
			sourceTree = "<group>";
		};
		C901297A1C399D9700EDD99B /* Products */ = {
			isa = PBXGroup;
			children = (
				C90129791C399D9700EDD99B /* ibeaconfinder.app */,
				C901298D1C399D9700EDD99B /* ibeaconfinderTests.xctest */,
				C90129981C399D9700EDD99B /* ibeaconfinderUITests.xctest */,
			);
			name = Products;
			sourceTree = "<group>";
		};
		C901297B1C399D9700EDD99B /* ibeaconfinder */ = {
			isa = PBXGroup;
			children = (
				C901297C1C399D9700EDD99B /* AppDelegate.swift */,
				C901297E1C399D9700EDD99B /* ViewController.swift */,
				C90129801C399D9700EDD99B /* Main.storyboard */,
				C90129831C399D9700EDD99B /* Assets.xcassets */,
				C90129851C399D9700EDD99B /* LaunchScreen.storyboard */,
				C90129881C399D9700EDD99B /* Info.plist */,
			);
			path = ibeaconfinder;
			sourceTree = "<group>";
		};
/* End PBXGroup section */

/* Begin PBXNativeTarget section */
		C90129781C399D9700EDD99B /* ibeaconfinder */ = {
			isa = PBXNativeTarget;
			buildConfigurationList = C90129A11C399D9700EDD99B /* Build configuration list for PBXNativeTarget "ibeaconfinder" */;
			buildPhases = (
				C90129751C399D9700EDD99B /* Sources */,
				C90129761C399D9700EDD99B /* Frameworks */,
				C90129771C399D9700EDD99B /* Resources */,
			);
			buildRules = (
			);
			dependencies = (
			);
			name = ibeaconfinder;
			productName = ibeaconfinder;
			productReference = C90129791C399D9700EDD99B /* ibeaconfinder.app */;
			productType = "com.apple.product-type.application";
		};
		C901298C1C399D9700EDD99B /* ibeaconfinderTests */ = {
			isa = PBXNativeTarget;
			buildConfigurationList = C90129A41C399D9700EDD99B /* Build configuration list for PBXNativeTarget "ibeaconfinderTests" */;
			buildPhases = (
				C90129891C399D9700EDD99B /* Sources */,
				C901298A1C399D9700EDD99B /* Frameworks */,
				C901298B1C399D9700EDD99B /* Resources */,
			);
			buildRules = (
			);
			dependencies = (
				C901298F1C399D9700EDD99B /* PBXTargetDependency */,
			);
			name = ibeaconfinderTests;
			productName = ibeaconfinderTests;
			productReference = C901298D1C399D9700EDD99B /* ibeaconfinderTests.xctest */;
			productType = "com.apple.product-type.bundle.unit-test";
		};
		C90129971C399D9700EDD99B /* ibeaconfinderUITests */ = {
			isa = PBXNativeTarget;
			buildConfigurationList = C90129A71C399D9700EDD99B /* Build configuration list for PBXNativeTarget "ibeaconfinderUITests" */;
			buildPhases = (
				C90129941C399D9700EDD99B /* Sources */,
				C90129951C399D9700EDD99B /* Frameworks */,
				C90129961C399D9700EDD99B /* Resources */,
			);
			buildRules = (
			);
			dependencies = (
				C901299A1C399D9700EDD99B /* PBXTargetDependency */,
			);
			name = ibeaconfinderUITests;
			productName = ibeaconfinderUITests;
			productReference = C90129981C399D9700EDD99B /* ibeaconfinderUITests.xctest */;
			productType = "com.apple.product-type.bundle.ui-testing";
		};
/* End PBXNativeTarget section */

/* Begin PBXProject section */
		C90129711C399D9700EDD99B /* Project object */ = {
			isa = PBXProject;
			attributes = {
				LastSwiftUpdateCheck = 0720;
				LastUpgradeCheck = 0720;
				ORGANIZATIONNAME = MattNedrich;
				TargetAttributes = {
					C90129781C399D9700EDD99B = {
						CreatedOnToolsVersion = 7.2;
					};
					C901298C1C399D9700EDD99B = {
						CreatedOnToolsVersion = 7.2;
						TestTargetID = C90129781C399D9700EDD99B;
					};
					C90129971C399D9700EDD99B = {
						CreatedOnToolsVersion = 7.2;
						TestTargetID = C90129781C399D9700EDD99B;
					};
				};
			};
			buildConfigurationList = C90129741C399D9700EDD99B /* Build configuration list for PBXProject "ibeaconfinder" */;
			compatibilityVersion = "Xcode 3.2";
			developmentRegion = English;
			hasScannedForEncodings = 0;
			knownRegions = (
				en,
				Base,
			);
			mainGroup = C90129701C399D9700EDD99B;
			productRefGroup = C901297A1C399D9700EDD99B /* Products */;
			projectDirPath = "";
			projectRoot = "";
			targets = (
				C90129781C399D9700EDD99B /* ibeaconfinder */,
				C901298C1C399D9700EDD99B /* ibeaconfinderTests */,
				C90129971C399D9700EDD99B /* ibeaconfinderUITests */,
			);
		};
/* End PBXProject section */

/* Begin PBXResourcesBuildPhase section */
		C90129771C399D9700EDD99B /* Resources */ = {
			isa = PBXResourcesBuildPhase;
			buildActionMask = 2147483647;
			files = (
				C90129871C399D9700EDD99B /* LaunchScreen.storyboard in Resources */,
				C90129841C399D9700EDD99B /* Assets.xcassets in Resources */,
				C90129821C399D9700EDD99B /* Main.storyboard in Resources */,
			);
			runOnlyForDeploymentPostprocessing = 0;
		};
		C901298B1C399D9700EDD99B /* Resources */ = {
			isa = PBXResourcesBuildPhase;
			buildActionMask = 2147483647;
			files = (
			);
			runOnlyForDeploymentPostprocessing = 0;
		};
		C90129961C399D9700EDD99B /* Resources */ = {
			isa = PBXResourcesBuildPhase;
			buildActionMask = 2147483647;
			files = (
			);
			runOnlyForDeploymentPostprocessing = 0;
		};
/* End PBXResourcesBuildPhase section */

/* Begin PBXSourcesBuildPhase section */
		C90129751C399D9700EDD99B /* Sources */ = {
			isa = PBXSourcesBuildPhase;
			buildActionMask = 2147483647;
			files = (
				C901297F1C399D9700EDD99B /* ViewController.swift in Sources */,
				C901297D1C399D9700EDD99B /* AppDelegate.swift in Sources */,
			);
			runOnlyForDeploymentPostprocessing = 0;
		};
		C90129891C399D9700EDD99B /* Sources */ = {
			isa = PBXSourcesBuildPhase;
			buildActionMask = 2147483647;
			files = (
			);
			runOnlyForDeploymentPostprocessing = 0;
		};
		C90129941C399D9700EDD99B /* Sources */ = {
			isa = PBXSourcesBuildPhase;
			buildActionMask = 2147483647;
			files = (
			);
			runOnlyForDeploymentPostprocessing = 0;
		};
/* End PBXSourcesBuildPhase section */

/* Begin PBXTargetDependency section */
		C901298F1C399D9700EDD99B /* PBXTargetDependency */ = {
			isa = PBXTargetDependency;
			target = C90129781C399D9700EDD99B /* ibeaconfinder */;
			targetProxy = C901298E1C399D9700EDD99B /* PBXContainerItemProxy */;
		};
		C901299A1C399D9700EDD99B /* PBXTargetDependency */ = {
			isa = PBXTargetDependency;
			target = C90129781C399D9700EDD99B /* ibeaconfinder */;
			targetProxy = C90129991C399D9700EDD99B /* PBXContainerItemProxy */;
		};
/* End PBXTargetDependency section */

/* Begin PBXVariantGroup section */
		C90129801C399D9700EDD99B /* Main.storyboard */ = {
			isa = PBXVariantGroup;
			children = (
				C90129811C399D9700EDD99B /* Base */,
			);
			name = Main.storyboard;
			sourceTree = "<group>";
		};
		C90129851C399D9700EDD99B /* LaunchScreen.storyboard */ = {
			isa = PBXVariantGroup;
			children = (
				C90129861C399D9700EDD99B /* Base */,
			);
			name = LaunchScreen.storyboard;
			sourceTree = "<group>";
		};
/* End PBXVariantGroup section */

/* Begin XCBuildConfiguration section */
		C901299F1C399D9700EDD99B /* Debug */ = {
			isa = XCBuildConfiguration;
			buildSettings = {
				ALWAYS_SEARCH_USER_PATHS = NO;
				CLANG_CXX_LANGUAGE_STANDARD = "gnu++0x";
				CLANG_CXX_LIBRARY = "libc++";
				CLANG_ENABLE_MODULES = YES;
				CLANG_ENABLE_OBJC_ARC = YES;
				CLANG_WARN_BOOL_CONVERSION = YES;
				CLANG_WARN_CONSTANT_CONVERSION = YES;
				CLANG_WARN_DIRECT_OBJC_ISA_USAGE = YES_ERROR;
				CLANG_WARN_EMPTY_BODY = YES;
				CLANG_WARN_ENUM_CONVERSION = YES;
				CLANG_WARN_INT_CONVERSION = YES;
				CLANG_WARN_OBJC_ROOT_CLASS = YES_ERROR;
				CLANG_WARN_UNREACHABLE_CODE = YES;
				CLANG_WARN__DUPLICATE_METHOD_MATCH = YES;
				"CODE_SIGN_IDENTITY[sdk=iphoneos*]" = "iPhone Developer";
				COPY_PHASE_STRIP = NO;
				DEBUG_INFORMATION_FORMAT = dwarf;
				ENABLE_STRICT_OBJC_MSGSEND = YES;
				ENABLE_TESTABILITY = YES;
				GCC_C_LANGUAGE_STANDARD = gnu99;
				GCC_DYNAMIC_NO_PIC = NO;
				GCC_NO_COMMON_BLOCKS = YES;
				GCC_OPTIMIZATION_LEVEL = 0;
				GCC_PREPROCESSOR_DEFINITIONS = (
					"DEBUG=1",
					"$(inherited)",
				);
				GCC_WARN_64_TO_32_BIT_CONVERSION = YES;
				GCC_WARN_ABOUT_RETURN_TYPE = YES_ERROR;
				GCC_WARN_UNDECLARED_SELECTOR = YES;
				GCC_WARN_UNINITIALIZED_AUTOS = YES_AGGRESSIVE;
				GCC_WARN_UNUSED_FUNCTION = YES;
				GCC_WARN_UNUSED_VARIABLE = YES;
				IPHONEOS_DEPLOYMENT_TARGET = 9.2;
				MTL_ENABLE_DEBUG_INFO = YES;
				ONLY_ACTIVE_ARCH = YES;
				SDKROOT = iphoneos;
				SWIFT_OPTIMIZATION_LEVEL = "-Onone";
			};
			name = Debug;
		};
		C90129A01C399D9700EDD99B /* Release */ = {
			isa = XCBuildConfiguration;
			buildSettings = {
				ALWAYS_SEARCH_USER_PATHS = NO;
				CLANG_CXX_LANGUAGE_STANDARD = "gnu++0x";
				CLANG_CXX_LIBRARY = "libc++";
				CLANG_ENABLE_MODULES = YES;
				CLANG_ENABLE_OBJC_ARC = YES;
				CLANG_WARN_BOOL_CONVERSION = YES;
				CLANG_WARN_CONSTANT_CONVERSION = YES;
				CLANG_WARN_DIRECT_OBJC_ISA_USAGE = YES_ERROR;
				CLANG_WARN_EMPTY_BODY = YES;
				CLANG_WARN_ENUM_CONVERSION = YES;
				CLANG_WARN_INT_CONVERSION = YES;
				CLANG_WARN_OBJC_ROOT_CLASS = YES_ERROR;
				CLANG_WARN_UNREACHABLE_CODE = YES;
				CLANG_WARN__DUPLICATE_METHOD_MATCH = YES;
				"CODE_SIGN_IDENTITY[sdk=iphoneos*]" = "iPhone Developer";
				COPY_PHASE_STRIP = NO;
				DEBUG_INFORMATION_FORMAT = "dwarf-with-dsym";
				ENABLE_NS_ASSERTIONS = NO;
				ENABLE_STRICT_OBJC_MSGSEND = YES;
				GCC_C_LANGUAGE_STANDARD = gnu99;
				GCC_NO_COMMON_BLOCKS = YES;
				GCC_WARN_64_TO_32_BIT_CONVERSION = YES;
				GCC_WARN_ABOUT_RETURN_TYPE = YES_ERROR;
				GCC_WARN_UNDECLARED_SELECTOR = YES;
				GCC_WARN_UNINITIALIZED_AUTOS = YES_AGGRESSIVE;
				GCC_WARN_UNUSED_FUNCTION = YES;
				GCC_WARN_UNUSED_VARIABLE = YES;
				IPHONEOS_DEPLOYMENT_TARGET = 9.2;
				MTL_ENABLE_DEBUG_INFO = NO;
				SDKROOT = iphoneos;
				VALIDATE_PRODUCT = YES;
			};
			name = Release;
		};
		C90129A21C399D9700EDD99B /* Debug */ = {
			isa = XCBuildConfiguration;
			buildSettings = {
				ASSETCATALOG_COMPILER_APPICON_NAME = AppIcon;
				INFOPLIST_FILE = ibeaconfinder/Info.plist;
				LD_RUNPATH_SEARCH_PATHS = "$(inherited) @executable_path/Frameworks";
				PRODUCT_BUNDLE_IDENTIFIER = MattNedrich.ibeaconfinder;
				PRODUCT_NAME = "$(TARGET_NAME)";
			};
			name = Debug;
		};
		C90129A31C399D9700EDD99B /* Release */ = {
			isa = XCBuildConfiguration;
			buildSettings = {
				ASSETCATALOG_COMPILER_APPICON_NAME = AppIcon;
				INFOPLIST_FILE = ibeaconfinder/Info.plist;
				LD_RUNPATH_SEARCH_PATHS = "$(inherited) @executable_path/Frameworks";
				PRODUCT_BUNDLE_IDENTIFIER = MattNedrich.ibeaconfinder;
				PRODUCT_NAME = "$(TARGET_NAME)";
			};
			name = Release;
		};
		C90129A51C399D9700EDD99B /* Debug */ = {
			isa = XCBuildConfiguration;
			buildSettings = {
				BUNDLE_LOADER = "$(TEST_HOST)";
				INFOPLIST_FILE = ibeaconfinderTests/Info.plist;
				LD_RUNPATH_SEARCH_PATHS = "$(inherited) @executable_path/Frameworks @loader_path/Frameworks";
				PRODUCT_BUNDLE_IDENTIFIER = MattNedrich.ibeaconfinderTests;
				PRODUCT_NAME = "$(TARGET_NAME)";
				TEST_HOST = "$(BUILT_PRODUCTS_DIR)/ibeaconfinder.app/ibeaconfinder";
			};
			name = Debug;
		};
		C90129A61C399D9700EDD99B /* Release */ = {
			isa = XCBuildConfiguration;
			buildSettings = {
				BUNDLE_LOADER = "$(TEST_HOST)";
				INFOPLIST_FILE = ibeaconfinderTests/Info.plist;
				LD_RUNPATH_SEARCH_PATHS = "$(inherited) @executable_path/Frameworks @loader_path/Frameworks";
				PRODUCT_BUNDLE_IDENTIFIER = MattNedrich.ibeaconfinderTests;
				PRODUCT_NAME = "$(TARGET_NAME)";
				TEST_HOST = "$(BUILT_PRODUCTS_DIR)/ibeaconfinder.app/ibeaconfinder";
			};
			name = Release;
		};
		C90129A81C399D9700EDD99B /* Debug */ = {
			isa = XCBuildConfiguration;
			buildSettings = {
				INFOPLIST_FILE = ibeaconfinderUITests/Info.plist;
				LD_RUNPATH_SEARCH_PATHS = "$(inherited) @executable_path/Frameworks @loader_path/Frameworks";
				PRODUCT_BUNDLE_IDENTIFIER = MattNedrich.ibeaconfinderUITests;
				PRODUCT_NAME = "$(TARGET_NAME)";
				TEST_TARGET_NAME = ibeaconfinder;
				USES_XCTRUNNER = YES;
			};
			name = Debug;
		};
		C90129A91C399D9700EDD99B /* Release */ = {
			isa = XCBuildConfiguration;
			buildSettings = {
				INFOPLIST_FILE = ibeaconfinderUITests/Info.plist;
				LD_RUNPATH_SEARCH_PATHS = "$(inherited) @executable_path/Frameworks @loader_path/Frameworks";
				PRODUCT_BUNDLE_IDENTIFIER = MattNedrich.ibeaconfinderUITests;
				PRODUCT_NAME = "$(TARGET_NAME)";
				TEST_TARGET_NAME = ibeaconfinder;
				USES_XCTRUNNER = YES;
			};
			name = Release;
		};
/* End XCBuildConfiguration section */

/* Begin XCConfigurationList section */
		C90129741C399D9700EDD99B /* Build configuration list for PBXProject "ibeaconfinder" */ = {
			isa = XCConfigurationList;
			buildConfigurations = (
				C901299F1C399D9700EDD99B /* Debug */,
				C90129A01C399D9700EDD99B /* Release */,
			);
			defaultConfigurationIsVisible = 0;
			defaultConfigurationName = Release;
		};
		C90129A11C399D9700EDD99B /* Build configuration list for PBXNativeTarget "ibeaconfinder" */ = {
			isa = XCConfigurationList;
			buildConfigurations = (
				C90129A21C399D9700EDD99B /* Debug */,
				C90129A31C399D9700EDD99B /* Release */,
			);
			defaultConfigurationIsVisible = 0;
			defaultConfigurationName = Release;
		};
		C90129A41C399D9700EDD99B /* Build configuration list for PBXNativeTarget "ibeaconfinderTests" */ = {
			isa = XCConfigurationList;
			buildConfigurations = (
				C90129A51C399D9700EDD99B /* Debug */,
				C90129A61C399D9700EDD99B /* Release */,
			);
			defaultConfigurationIsVisible = 0;
			defaultConfigurationName = Release;
		};
		C90129A71C399D9700EDD99B /* Build configuration list for PBXNativeTarget "ibeaconfinderUITests" */ = {
			isa = XCConfigurationList;
			buildConfigurations = (
				C90129A81C399D9700EDD99B /* Debug */,
				C90129A91C399D9700EDD99B /* Release */,
			);
			defaultConfigurationIsVisible = 0;
			defaultConfigurationName = Release;
		};
/* End XCConfigurationList section */
	};
	rootObject = C90129711C399D9700EDD99B /* Project object */;
}
